{
  "lockfileVersion": 1,
  "configVersion": 1,
  "workspaces": {
    "": {
      "name": "PixelUtil",
      "devDependencies": {
        "lightningcss-cli": "^1.33.0",
      },
    },
  },
  "packages": {
    "detect-libc": ["detect-libc@2.1.2", "", {}, "sha512-Btj2BOOO83o3WyH59e8MgXsxEQVcarkUOpEYrubB0urwnN10yQ364rsiByU11nZlqWYZm05i/of7io4mzihBtQ=="],

    "lightningcss-cli": ["lightningcss-cli@1.33.0", "", { "dependencies": { "detect-libc": "^2.0.3" }, "optionalDependencies": { "lightningcss-cli-android-arm64": "1.33.0", "lightningcss-cli-darwin-arm64": "1.33.0", "lightningcss-cli-darwin-x64": "1.33.0", "lightningcss-cli-freebsd-x64": "1.33.0", "lightningcss-cli-linux-arm-gnueabihf": "1.33.0", "lightningcss-cli-linux-arm64-gnu": "1.33.0", "lightningcss-cli-linux-arm64-musl": "1.33.0", "lightningcss-cli-linux-x64-gnu": "1.33.0", "lightningcss-cli-linux-x64-musl": "1.33.0", "lightningcss-cli-win32-arm64-msvc": "1.33.0", "lightningcss-cli-win32-x64-msvc": "1.33.0" }, "bin": { "lightningcss": "lightningcss" } }, "sha512-/tBcBZlBFFxy1iYKDC/HSH/NEjv7Frq6dmDVKRbhGJQI/gFJIJ1/4ZXclxJkd0eEjBjDc5MY0YugHcvJVVGJVg=="],

    "lightningcss-cli-android-arm64": ["lightningcss-cli-android-arm64@1.33.0", "", { "os": "android", "cpu": "arm64" }, "sha512-c0Xd7Gxaw3mNOyrb9ET1JH3JjuB69GY/6pHO4vgwEbIoHCXAt6DBg6kxr5t/oZL9LRxdnZCXF+o0Evz6kuR/xA=="],

    "lightningcss-cli-darwin-arm64": ["lightningcss-cli-darwin-arm64@1.33.0", "", { "os": "darwin", "cpu": "arm64" }, "sha512-sso5hSFPis7ldw2FcBopsZviSVAXWRGX8ybUwMhQHssTlERenQJ88WihZs08tCdSnQULo2kunnrGhh4VjRw8Fg=="],

    "lightningcss-cli-darwin-x64": ["lightningcss-cli-darwin-x64@1.33.0", "", { "os": "darwin", "cpu": "x64" }, "sha512-/aDYpMv2QKpJoSIwvwpIs4tIX9SCU894eospSm55FR5MxDZkJDy4fEX6elsXkHCBDqbAknb4qd2h/oDMLTC4Ew=="],

    "lightningcss-cli-freebsd-x64": ["lightningcss-cli-freebsd-x64@1.33.0", "", { "os": "freebsd", "cpu": "x64" }, "sha512-kK9u4IEAvt3+1m7lkloyfZNfXykXq2vCH7lgZ5aEqa8VuBZYqvcAIQ4Qt1593QJxbko9HEKUP0erdSxw7k7eFw=="],

    "lightningcss-cli-linux-arm-gnueabihf": ["lightningcss-cli-linux-arm-gnueabihf@1.33.0", "", { "os": "linux", "cpu": "arm" }, "sha512-4bHmUlYCb8WKdPKx2yhk8y/kD034JVuUatDMWav0uU/hEIYJrxPimWBJJ4w2lgpcWchVnk/Kuihs4vaLjO/ozw=="],

    "lightningcss-cli-linux-arm64-gnu": ["lightningcss-cli-linux-arm64-gnu@1.33.0", "", { "os": "linux", "cpu": "arm64" }, "sha512-DkYmkBix3icAZKZsxGsjBAj59CIV0zflZtsT66lCPd2z3OqBLJlhKRrw4TlAW7mIkYeOEYWKVz/G00ZGXNse4A=="],

    "lightningcss-cli-linux-arm64-musl": ["lightningcss-cli-linux-arm64-musl@1.33.0", "", { "os": "linux", "cpu": "arm64" }, "sha512-euNOhzo1ysRl719HfFzRe9r9usWO2Z/Nb8RnmqXxb/kvzOgAv2BcflpoTu6tWhSrbHX6YS/WP6mMFrmII6T7Hw=="],

    "lightningcss-cli-linux-x64-gnu": ["lightningcss-cli-linux-x64-gnu@1.33.0", "", { "os": "linux", "cpu": "x64" }, "sha512-9Q4DAglm17bLhA+HZPB+vxjrHXdhR/8U44zyc8MQNA5Rw+tisvcoR/lv4iuBUFn2qreYVRWQq0wP0rgdhTSxyQ=="],

    "lightningcss-cli-linux-x64-musl": ["lightningcss-cli-linux-x64-musl@1.33.0", "", { "os": "linux", "cpu": "x64" }, "sha512-+EobHdqxQ21SUMF8OU0qcizNIrLpPDaPTKQCaGbra9gL3NrW3ELG+exZl5y+WzJsEjLZ0hhjbCFjHUL/03H2JA=="],

    "lightningcss-cli-win32-arm64-msvc": ["lightningcss-cli-win32-arm64-msvc@1.33.0", "", { "os": "win32", "cpu": "arm64" }, "sha512-iwQ+8rHQy3ewC4c43Ik3UZ8TCC/rjShP3r/8TOPw4fT8wQmW7dS3BNNHPK+LWz9qNrObATJ4MZEEZVRneckOBw=="],

    "lightningcss-cli-win32-x64-msvc": ["lightningcss-cli-win32-x64-msvc@1.33.0", "", { "os": "win32", "cpu": "x64" }, "sha512-sgtNPw2gxnY8OzCCMTKCkHSIiBYb/wfXLpLMmDIJFzcX2OETY+VOnQd7OBHx+hVSlrMU7iWL6oJ5rc+nQwteVA=="],
  }
}
